
Microsoft Visual Studio Solution File, Format Version 12.00
# Visual Studio Version 17
VisualStudioVersion = 17.11.35219.272
MinimumVisualStudioVersion = 10.0.40219.1
Project("{FAE04EC0-301F-11D3-BF4B-00C04F79EFBC}") = "Homeworkz", "WebApplication1\Homeworkz.csproj", "{5FD26DBF-2FD9-4458-9DF3-EDB458A4A8CF}"
EndProject
Global
	GlobalSection(SolutionConfigurationPlatforms) = preSolution
		Debug|Any CPU = Debug|Any CPU
		Release|Any CPU = Release|Any CPU
	EndGlobalSection
	GlobalSection(ProjectConfigurationPlatforms) = postSolution
		{5FD26DBF-2FD9-4458-9DF3-EDB458A4A8CF}.Debug|Any CPU.ActiveCfg = Debug|Any CPU
		{5FD26DBF-2FD9-4458-9DF3-EDB458A4A8CF}.Debug|Any CPU.Build.0 = Debug|Any CPU
		{5FD26DBF-2FD9-4458-9DF3-EDB458A4A8CF}.Release|Any CPU.ActiveCfg = Release|Any CPU
		{5FD26DBF-2FD9-4458-9DF3-EDB458A4A8CF}.Release|Any CPU.Build.0 = Release|Any CPU
	EndGlobalSection
	GlobalSection(SolutionProperties) = preSolution
		HideSolutionNode = FALSE
	EndGlobalSection
	GlobalSection(ExtensibilityGlobals) = postSolution
		SolutionGuid = {14E1611C-63B7-46FF-8A6F-7177987F7402}
	EndGlobalSection
EndGlobal
